
Microsoft Visual Studio Solution File, Format Version 12.00
# Visual Studio 15
VisualStudioVersion = 15.0.27004.2009
MinimumVisualStudioVersion = 10.0.40219.1
Project("{8BC9CEB8-8B4A-11D0-8D11-00A0C91BC942}") = "Ravel", "Ravel\Ravel.vcxproj", "{7262510B-B33A-4FDB-9DC3-D7A4357B6341}"
	ProjectSection(ProjectDependencies) = postProject
		{888A0CCB-7241-4A0E-B5F1-DBF0536CE6A5} = {888A0CCB-7241-4A0E-B5F1-DBF0536CE6A5}
	EndProjectSection
EndProject
Project("{8BC9CEB8-8B4A-11D0-8D11-00A0C91BC942}") = "SubML", "SubML\SubML.vcxproj", "{888A0CCB-7241-4A0E-B5F1-DBF0536CE6A5}"
	ProjectSection(ProjectDependencies) = postProject
		{26E10C27-5CC1-462F-90CA-6BF1C0A8AEAD} = {26E10C27-5CC1-462F-90CA-6BF1C0A8AEAD}
		{901AD05C-A3B5-4565-8F5D-E4320142981C} = {901AD05C-A3B5-4565-8F5D-E4320142981C}
	EndProjectSection
EndProject
Project("{8BC9CEB8-8B4A-11D0-8D11-00A0C91BC942}") = "SubMLTest", "SubMLTest\SubMLTest.vcxproj", "{A020B428-1B65-47F9-AD61-97ED2B224954}"
	ProjectSection(ProjectDependencies) = postProject
		{888A0CCB-7241-4A0E-B5F1-DBF0536CE6A5} = {888A0CCB-7241-4A0E-B5F1-DBF0536CE6A5}
	EndProjectSection
EndProject
Project("{8BC9CEB8-8B4A-11D0-8D11-00A0C91BC942}") = "Semantic", "Semantic\Semantic.vcxproj", "{26E10C27-5CC1-462F-90CA-6BF1C0A8AEAD}"
	ProjectSection(ProjectDependencies) = postProject
		{901AD05C-A3B5-4565-8F5D-E4320142981C} = {901AD05C-A3B5-4565-8F5D-E4320142981C}
	EndProjectSection
EndProject
Project("{8BC9CEB8-8B4A-11D0-8D11-00A0C91BC942}") = "Util", "Util\Util.vcxproj", "{901AD05C-A3B5-4565-8F5D-E4320142981C}"
EndProject
Global
	GlobalSection(SolutionConfigurationPlatforms) = preSolution
		Debug|x64 = Debug|x64
		Debug|x86 = Debug|x86
		Release|x64 = Release|x64
		Release|x86 = Release|x86
	EndGlobalSection
	GlobalSection(ProjectConfigurationPlatforms) = postSolution
		{7262510B-B33A-4FDB-9DC3-D7A4357B6341}.Debug|x64.ActiveCfg = Debug|x64
		{7262510B-B33A-4FDB-9DC3-D7A4357B6341}.Debug|x64.Build.0 = Debug|x64
		{7262510B-B33A-4FDB-9DC3-D7A4357B6341}.Debug|x86.ActiveCfg = Debug|Win32
		{7262510B-B33A-4FDB-9DC3-D7A4357B6341}.Debug|x86.Build.0 = Debug|Win32
		{7262510B-B33A-4FDB-9DC3-D7A4357B6341}.Release|x64.ActiveCfg = Release|x64
		{7262510B-B33A-4FDB-9DC3-D7A4357B6341}.Release|x64.Build.0 = Release|x64
		{7262510B-B33A-4FDB-9DC3-D7A4357B6341}.Release|x86.ActiveCfg = Release|Win32
		{7262510B-B33A-4FDB-9DC3-D7A4357B6341}.Release|x86.Build.0 = Release|Win32
		{888A0CCB-7241-4A0E-B5F1-DBF0536CE6A5}.Debug|x64.ActiveCfg = Debug|x64
		{888A0CCB-7241-4A0E-B5F1-DBF0536CE6A5}.Debug|x64.Build.0 = Debug|x64
		{888A0CCB-7241-4A0E-B5F1-DBF0536CE6A5}.Debug|x86.ActiveCfg = Debug|Win32
		{888A0CCB-7241-4A0E-B5F1-DBF0536CE6A5}.Debug|x86.Build.0 = Debug|Win32
		{888A0CCB-7241-4A0E-B5F1-DBF0536CE6A5}.Release|x64.ActiveCfg = Release|x64
		{888A0CCB-7241-4A0E-B5F1-DBF0536CE6A5}.Release|x64.Build.0 = Release|x64
		{888A0CCB-7241-4A0E-B5F1-DBF0536CE6A5}.Release|x86.ActiveCfg = Release|Win32
		{888A0CCB-7241-4A0E-B5F1-DBF0536CE6A5}.Release|x86.Build.0 = Release|Win32
		{A020B428-1B65-47F9-AD61-97ED2B224954}.Debug|x64.ActiveCfg = Debug|x64
		{A020B428-1B65-47F9-AD61-97ED2B224954}.Debug|x64.Build.0 = Debug|x64
		{A020B428-1B65-47F9-AD61-97ED2B224954}.Debug|x86.ActiveCfg = Debug|Win32
		{A020B428-1B65-47F9-AD61-97ED2B224954}.Debug|x86.Build.0 = Debug|Win32
		{A020B428-1B65-47F9-AD61-97ED2B224954}.Release|x64.ActiveCfg = Release|x64
		{A020B428-1B65-47F9-AD61-97ED2B224954}.Release|x64.Build.0 = Release|x64
		{A020B428-1B65-47F9-AD61-97ED2B224954}.Release|x86.ActiveCfg = Release|Win32
		{A020B428-1B65-47F9-AD61-97ED2B224954}.Release|x86.Build.0 = Release|Win32
		{26E10C27-5CC1-462F-90CA-6BF1C0A8AEAD}.Debug|x64.ActiveCfg = Debug|x64
		{26E10C27-5CC1-462F-90CA-6BF1C0A8AEAD}.Debug|x64.Build.0 = Debug|x64
		{26E10C27-5CC1-462F-90CA-6BF1C0A8AEAD}.Debug|x86.ActiveCfg = Debug|Win32
		{26E10C27-5CC1-462F-90CA-6BF1C0A8AEAD}.Debug|x86.Build.0 = Debug|Win32
		{26E10C27-5CC1-462F-90CA-6BF1C0A8AEAD}.Release|x64.ActiveCfg = Release|x64
		{26E10C27-5CC1-462F-90CA-6BF1C0A8AEAD}.Release|x64.Build.0 = Release|x64
		{26E10C27-5CC1-462F-90CA-6BF1C0A8AEAD}.Release|x86.ActiveCfg = Release|Win32
		{26E10C27-5CC1-462F-90CA-6BF1C0A8AEAD}.Release|x86.Build.0 = Release|Win32
		{901AD05C-A3B5-4565-8F5D-E4320142981C}.Debug|x64.ActiveCfg = Debug|x64
		{901AD05C-A3B5-4565-8F5D-E4320142981C}.Debug|x64.Build.0 = Debug|x64
		{901AD05C-A3B5-4565-8F5D-E4320142981C}.Debug|x86.ActiveCfg = Debug|Win32
		{901AD05C-A3B5-4565-8F5D-E4320142981C}.Debug|x86.Build.0 = Debug|Win32
		{901AD05C-A3B5-4565-8F5D-E4320142981C}.Release|x64.ActiveCfg = Release|x64
		{901AD05C-A3B5-4565-8F5D-E4320142981C}.Release|x64.Build.0 = Release|x64
		{901AD05C-A3B5-4565-8F5D-E4320142981C}.Release|x86.ActiveCfg = Release|Win32
		{901AD05C-A3B5-4565-8F5D-E4320142981C}.Release|x86.Build.0 = Release|Win32
	EndGlobalSection
	GlobalSection(SolutionProperties) = preSolution
		HideSolutionNode = FALSE
	EndGlobalSection
	GlobalSection(ExtensibilityGlobals) = postSolution
		SolutionGuid = {F9BF3E8A-8D69-4A1F-BD3A-416894D15758}
	EndGlobalSection
EndGlobal
