<?xml version="1.0" encoding="utf-8"?>
<Project ToolsVersion="4.0" xmlns="http://schemas.microsoft.com/developer/msbuild/2003">
  <ItemGroup>
    <Filter Include="Header Files">
      <UniqueIdentifier>{93995380-89BD-4b04-88EB-625FBE52EBFB}</UniqueIdentifier>
      <Extensions>h;hh;hpp;hxx;hm;inl;inc;xsd</Extensions>
    </Filter>
    <Filter Include="Resource Files">
      <UniqueIdentifier>{67DA6AB6-F800-4c08-8B7A-83BB121AAD01}</UniqueIdentifier>
      <Extensions>rc;ico;cur;bmp;dlg;rc2;rct;bin;rgs;gif;jpg;jpeg;jpe;resx;tiff;tif;png;wav;mfcribbon-ms</Extensions>
    </Filter>
    <Filter Include="Source Files">
      <UniqueIdentifier>{4FC737F1-C7A5-4376-A066-2A32D752A2FF}</UniqueIdentifier>
      <Extensions>cpp;c;cc;cxx;def;odl;idl;hpj;bat;asm;asmx</Extensions>
    </Filter>
    <Filter Include="Header Files\matchers">
      <UniqueIdentifier>{a59131dd-b5b6-4584-b852-7c5cb2417d5b}</UniqueIdentifier>
    </Filter>
    <Filter Include="Header Files\populators">
      <UniqueIdentifier>{e5021698-b47d-40b9-8a99-066a32c2abae}</UniqueIdentifier>
    </Filter>
    <Filter Include="Source Files\matchers">
      <UniqueIdentifier>{b6f2cce7-5ad4-4fb4-9672-26d808faa37c}</UniqueIdentifier>
    </Filter>
    <Filter Include="Source Files\populators">
      <UniqueIdentifier>{c56d2261-5f8c-4d4d-aab7-3a31ff987feb}</UniqueIdentifier>
    </Filter>
  </ItemGroup>
  <ItemGroup>
    <ClInclude Include="Tokenizer.h">
      <Filter>Header Files</Filter>
    </ClInclude>
    <ClInclude Include="Token.h">
      <Filter>Header Files</Filter>
    </ClInclude>
    <ClInclude Include="Error.h">
      <Filter>Header Files</Filter>
    </ClInclude>
    <ClInclude Include="Compiler.h">
      <Filter>Header Files</Filter>
    </ClInclude>
    <ClInclude Include="Program.h">
      <Filter>Header Files</Filter>
    </ClInclude>
    <ClInclude Include="Substitution.h">
      <Filter>Header Files</Filter>
    </ClInclude>
    <ClInclude Include="CaptureMatcher.h">
      <Filter>Header Files\matchers</Filter>
    </ClInclude>
    <ClInclude Include="Matcher.h">
      <Filter>Header Files\matchers</Filter>
    </ClInclude>
    <ClInclude Include="Populator.h">
      <Filter>Header Files\populators</Filter>
    </ClInclude>
    <ClInclude Include="ExpressionMatcher.h">
      <Filter>Header Files\matchers</Filter>
    </ClInclude>
    <ClInclude Include="QuantifiedExpressionMatcher.h">
      <Filter>Header Files\matchers</Filter>
    </ClInclude>
    <ClInclude Include="Quantifier.h">
      <Filter>Header Files\matchers</Filter>
    </ClInclude>
    <ClInclude Include="OperatorMatcher.h">
      <Filter>Header Files</Filter>
    </ClInclude>
    <ClInclude Include="ArgsMatcher.h">
      <Filter>Header Files\matchers</Filter>
    </ClInclude>
    <ClInclude Include="OrderedArgsMatcher.h">
      <Filter>Header Files\matchers</Filter>
    </ClInclude>
  </ItemGroup>
  <ItemGroup>
    <ClCompile Include="Tokenizer.cpp">
      <Filter>Source Files</Filter>
    </ClCompile>
    <ClCompile Include="Error.cpp">
      <Filter>Source Files</Filter>
    </ClCompile>
    <ClCompile Include="Compiler.cpp">
      <Filter>Source Files</Filter>
    </ClCompile>
    <ClCompile Include="Program.cpp">
      <Filter>Source Files</Filter>
    </ClCompile>
    <ClCompile Include="Substitution.cpp">
      <Filter>Source Files</Filter>
    </ClCompile>
    <ClCompile Include="CaptureMatcher.cpp">
      <Filter>Source Files\matchers</Filter>
    </ClCompile>
    <ClCompile Include="ExpressionMatcher.cpp">
      <Filter>Source Files\matchers</Filter>
    </ClCompile>
    <ClCompile Include="QuantifiedExpressionMatcher.cpp">
      <Filter>Source Files\matchers</Filter>
    </ClCompile>
    <ClCompile Include="OperatorMatcher.cpp">
      <Filter>Source Files</Filter>
    </ClCompile>
    <ClCompile Include="ArgsMatcher.cpp">
      <Filter>Source Files\matchers</Filter>
    </ClCompile>
    <ClCompile Include="OrderedArgsMatcher.cpp">
      <Filter>Source Files\matchers</Filter>
    </ClCompile>
  </ItemGroup>
</Project>